// !$*UTF8*$!
{
	archiveVersion = 1;
	classes = {
	};
	objectVersion = 50;
	objects = {

/* Begin PBXBuildFile section */
		B503E2BA20DE69EB00BE43A5 /* RateViewController.swift in Sources */ = {isa = PBXBuildFile; fileRef = B503E2B920DE69EB00BE43A5 /* RateViewController.swift */; };
		B53D412A20D1368F0062F1DF /* AppDelegate.swift in Sources */ = {isa = PBXBuildFile; fileRef = B53D412920D1368F0062F1DF /* AppDelegate.swift */; };
		B53D412F20D1368F0062F1DF /* Main.storyboard in Resources */ = {isa = PBXBuildFile; fileRef = B53D412D20D1368F0062F1DF /* Main.storyboard */; };
		B53D413120D136900062F1DF /* Assets.xcassets in Resources */ = {isa = PBXBuildFile; fileRef = B53D413020D136900062F1DF /* Assets.xcassets */; };
		B53D413420D136900062F1DF /* LaunchScreen.storyboard in Resources */ = {isa = PBXBuildFile; fileRef = B53D413220D136900062F1DF /* LaunchScreen.storyboard */; };
		B53D413C20D137000062F1DF /* EateriesTableViewController.swift in Sources */ = {isa = PBXBuildFile; fileRef = B53D413B20D137000062F1DF /* EateriesTableViewController.swift */; };
		B53D413E20D1505E0062F1DF /* EateriesTableViewCell.swift in Sources */ = {isa = PBXBuildFile; fileRef = B53D413D20D1505E0062F1DF /* EateriesTableViewCell.swift */; };
		B541CB0920DFF31E00945489 /* AddNewRestaurantTableViewController.swift in Sources */ = {isa = PBXBuildFile; fileRef = B541CB0820DFF31E00945489 /* AddNewRestaurantTableViewController.swift */; };
		B550F1EA20DA81C200F73D4E /* EateryDetailTableViewCell.swift in Sources */ = {isa = PBXBuildFile; fileRef = B550F1E920DA81C200F73D4E /* EateryDetailTableViewCell.swift */; };
		B56C7F0020D9767B003225C5 /* EateryDetailViewController.swift in Sources */ = {isa = PBXBuildFile; fileRef = B56C7EFF20D9767B003225C5 /* EateryDetailViewController.swift */; };
		B577711920E2AC010094D582 /* CoreDataStack.swift in Sources */ = {isa = PBXBuildFile; fileRef = B577711820E2AC010094D582 /* CoreDataStack.swift */; };
		B577711C20E2ADDD0094D582 /* Eateries.xcdatamodeld in Sources */ = {isa = PBXBuildFile; fileRef = B577711A20E2ADDD0094D582 /* Eateries.xcdatamodeld */; };
		B5FCFC5620DEB83600DA8426 /* MapViewController.swift in Sources */ = {isa = PBXBuildFile; fileRef = B5FCFC5520DEB83600DA8426 /* MapViewController.swift */; };
		B5FCFC5920DEB85900DA8426 /* MapKit.framework in Frameworks */ = {isa = PBXBuildFile; fileRef = B5FCFC5820DEB85900DA8426 /* MapKit.framework */; };
/* End PBXBuildFile section */

/* Begin PBXFileReference section */
		B503E2B920DE69EB00BE43A5 /* RateViewController.swift */ = {isa = PBXFileReference; lastKnownFileType = sourcecode.swift; path = RateViewController.swift; sourceTree = "<group>"; };
		B53D412620D1368E0062F1DF /* Eateries.app */ = {isa = PBXFileReference; explicitFileType = wrapper.application; includeInIndex = 0; path = Eateries.app; sourceTree = BUILT_PRODUCTS_DIR; };
		B53D412920D1368F0062F1DF /* AppDelegate.swift */ = {isa = PBXFileReference; lastKnownFileType = sourcecode.swift; path = AppDelegate.swift; sourceTree = "<group>"; };
		B53D412E20D1368F0062F1DF /* Base */ = {isa = PBXFileReference; lastKnownFileType = file.storyboard; name = Base; path = Base.lproj/Main.storyboard; sourceTree = "<group>"; };
		B53D413020D136900062F1DF /* Assets.xcassets */ = {isa = PBXFileReference; lastKnownFileType = folder.assetcatalog; path = Assets.xcassets; sourceTree = "<group>"; };
		B53D413320D136900062F1DF /* Base */ = {isa = PBXFileReference; lastKnownFileType = file.storyboard; name = Base; path = Base.lproj/LaunchScreen.storyboard; sourceTree = "<group>"; };
		B53D413520D136900062F1DF /* Info.plist */ = {isa = PBXFileReference; lastKnownFileType = text.plist.xml; path = Info.plist; sourceTree = "<group>"; };
		B53D413B20D137000062F1DF /* EateriesTableViewController.swift */ = {isa = PBXFileReference; lastKnownFileType = sourcecode.swift; path = EateriesTableViewController.swift; sourceTree = "<group>"; };
		B53D413D20D1505E0062F1DF /* EateriesTableViewCell.swift */ = {isa = PBXFileReference; lastKnownFileType = sourcecode.swift; path = EateriesTableViewCell.swift; sourceTree = "<group>"; };
		B541CB0820DFF31E00945489 /* AddNewRestaurantTableViewController.swift */ = {isa = PBXFileReference; lastKnownFileType = sourcecode.swift; path = AddNewRestaurantTableViewController.swift; sourceTree = "<group>"; };
		B550F1E920DA81C200F73D4E /* EateryDetailTableViewCell.swift */ = {isa = PBXFileReference; lastKnownFileType = sourcecode.swift; path = EateryDetailTableViewCell.swift; sourceTree = "<group>"; };
		B56C7EFF20D9767B003225C5 /* EateryDetailViewController.swift */ = {isa = PBXFileReference; lastKnownFileType = sourcecode.swift; path = EateryDetailViewController.swift; sourceTree = "<group>"; };
		B577711820E2AC010094D582 /* CoreDataStack.swift */ = {isa = PBXFileReference; lastKnownFileType = sourcecode.swift; path = CoreDataStack.swift; sourceTree = "<group>"; };
		B577711B20E2ADDD0094D582 /* Eateries.xcdatamodel */ = {isa = PBXFileReference; lastKnownFileType = wrapper.xcdatamodel; path = Eateries.xcdatamodel; sourceTree = "<group>"; };
		B5FCFC5520DEB83600DA8426 /* MapViewController.swift */ = {isa = PBXFileReference; lastKnownFileType = sourcecode.swift; path = MapViewController.swift; sourceTree = "<group>"; };
		B5FCFC5820DEB85900DA8426 /* MapKit.framework */ = {isa = PBXFileReference; lastKnownFileType = wrapper.framework; name = MapKit.framework; path = System/Library/Frameworks/MapKit.framework; sourceTree = SDKROOT; };
/* End PBXFileReference section */

/* Begin PBXFrameworksBuildPhase section */
		B53D412320D1368E0062F1DF /* Frameworks */ = {
			isa = PBXFrameworksBuildPhase;
			buildActionMask = 2147483647;
			files = (
				B5FCFC5920DEB85900DA8426 /* MapKit.framework in Frameworks */,
			);
			runOnlyForDeploymentPostprocessing = 0;
		};
/* End PBXFrameworksBuildPhase section */

/* Begin PBXGroup section */
		B53D411D20D1368E0062F1DF = {
			isa = PBXGroup;
			children = (
				B53D412820D1368E0062F1DF /* Eateries */,
				B53D412720D1368E0062F1DF /* Products */,
				B5FCFC5720DEB85900DA8426 /* Frameworks */,
			);
			sourceTree = "<group>";
		};
		B53D412720D1368E0062F1DF /* Products */ = {
			isa = PBXGroup;
			children = (
				B53D412620D1368E0062F1DF /* Eateries.app */,
			);
			name = Products;
			sourceTree = "<group>";
		};
		B53D412820D1368E0062F1DF /* Eateries */ = {
			isa = PBXGroup;
			children = (
				B53D412920D1368F0062F1DF /* AppDelegate.swift */,
				B577711A20E2ADDD0094D582 /* Eateries.xcdatamodeld */,
				B53D413D20D1505E0062F1DF /* EateriesTableViewCell.swift */,
				B53D413B20D137000062F1DF /* EateriesTableViewController.swift */,
				B503E2B920DE69EB00BE43A5 /* RateViewController.swift */,
				B5FCFC5520DEB83600DA8426 /* MapViewController.swift */,
				B541CB0820DFF31E00945489 /* AddNewRestaurantTableViewController.swift */,
				B550F1EC20DA821B00F73D4E /* Detail */,
				B53D413020D136900062F1DF /* Assets.xcassets */,
				B53D412D20D1368F0062F1DF /* Main.storyboard */,
				B53D413220D136900062F1DF /* LaunchScreen.storyboard */,
				B53D413520D136900062F1DF /* Info.plist */,
				B577711820E2AC010094D582 /* CoreDataStack.swift */,
			);
			path = Eateries;
			sourceTree = "<group>";
		};
		B550F1EC20DA821B00F73D4E /* Detail */ = {
			isa = PBXGroup;
			children = (
				B56C7EFF20D9767B003225C5 /* EateryDetailViewController.swift */,
				B550F1E920DA81C200F73D4E /* EateryDetailTableViewCell.swift */,
			);
			path = Detail;
			sourceTree = "<group>";
		};
		B5FCFC5720DEB85900DA8426 /* Frameworks */ = {
			isa = PBXGroup;
			children = (
				B5FCFC5820DEB85900DA8426 /* MapKit.framework */,
			);
			name = Frameworks;
			sourceTree = "<group>";
		};
/* End PBXGroup section */

/* Begin PBXNativeTarget section */
		B53D412520D1368E0062F1DF /* Eateries */ = {
			isa = PBXNativeTarget;
			buildConfigurationList = B53D413820D136900062F1DF /* Build configuration list for PBXNativeTarget "Eateries" */;
			buildPhases = (
				B53D412220D1368E0062F1DF /* Sources */,
				B53D412320D1368E0062F1DF /* Frameworks */,
				B53D412420D1368E0062F1DF /* Resources */,
			);
			buildRules = (
			);
			dependencies = (
			);
			name = Eateries;
			productName = Eateries;
			productReference = B53D412620D1368E0062F1DF /* Eateries.app */;
			productType = "com.apple.product-type.application";
		};
/* End PBXNativeTarget section */

/* Begin PBXProject section */
		B53D411E20D1368E0062F1DF /* Project object */ = {
			isa = PBXProject;
			attributes = {
				LastSwiftUpdateCheck = 0930;
				LastUpgradeCheck = 0930;
				ORGANIZATIONNAME = "Konstantin Meleshko";
				TargetAttributes = {
					B53D412520D1368E0062F1DF = {
						CreatedOnToolsVersion = 9.3.1;
						SystemCapabilities = {
							com.apple.Maps.iOS = {
								enabled = 1;
							};
						};
					};
				};
			};
			buildConfigurationList = B53D412120D1368E0062F1DF /* Build configuration list for PBXProject "Eateries" */;
			compatibilityVersion = "Xcode 9.3";
			developmentRegion = en;
			hasScannedForEncodings = 0;
			knownRegions = (
				en,
				Base,
			);
			mainGroup = B53D411D20D1368E0062F1DF;
			productRefGroup = B53D412720D1368E0062F1DF /* Products */;
			projectDirPath = "";
			projectRoot = "";
			targets = (
				B53D412520D1368E0062F1DF /* Eateries */,
			);
		};
/* End PBXProject section */

/* Begin PBXResourcesBuildPhase section */
		B53D412420D1368E0062F1DF /* Resources */ = {
			isa = PBXResourcesBuildPhase;
			buildActionMask = 2147483647;
			files = (
				B53D413420D136900062F1DF /* LaunchScreen.storyboard in Resources */,
				B53D413120D136900062F1DF /* Assets.xcassets in Resources */,
				B53D412F20D1368F0062F1DF /* Main.storyboard in Resources */,
			);
			runOnlyForDeploymentPostprocessing = 0;
		};
/* End PBXResourcesBuildPhase section */

/* Begin PBXSourcesBuildPhase section */
		B53D412220D1368E0062F1DF /* Sources */ = {
			isa = PBXSourcesBuildPhase;
			buildActionMask = 2147483647;
			files = (
				B550F1EA20DA81C200F73D4E /* EateryDetailTableViewCell.swift in Sources */,
				B577711C20E2ADDD0094D582 /* Eateries.xcdatamodeld in Sources */,
				B53D412A20D1368F0062F1DF /* AppDelegate.swift in Sources */,
				B53D413C20D137000062F1DF /* EateriesTableViewController.swift in Sources */,
				B56C7F0020D9767B003225C5 /* EateryDetailViewController.swift in Sources */,
				B577711920E2AC010094D582 /* CoreDataStack.swift in Sources */,
				B53D413E20D1505E0062F1DF /* EateriesTableViewCell.swift in Sources */,
				B503E2BA20DE69EB00BE43A5 /* RateViewController.swift in Sources */,
				B5FCFC5620DEB83600DA8426 /* MapViewController.swift in Sources */,
				B541CB0920DFF31E00945489 /* AddNewRestaurantTableViewController.swift in Sources */,
			);
			runOnlyForDeploymentPostprocessing = 0;
		};
/* End PBXSourcesBuildPhase section */

/* Begin PBXVariantGroup section */
		B53D412D20D1368F0062F1DF /* Main.storyboard */ = {
			isa = PBXVariantGroup;
			children = (
				B53D412E20D1368F0062F1DF /* Base */,
			);
			name = Main.storyboard;
			sourceTree = "<group>";
		};
		B53D413220D136900062F1DF /* LaunchScreen.storyboard */ = {
			isa = PBXVariantGroup;
			children = (
				B53D413320D136900062F1DF /* Base */,
			);
			name = LaunchScreen.storyboard;
			sourceTree = "<group>";
		};
/* End PBXVariantGroup section */

/* Begin XCBuildConfiguration section */
		B53D413620D136900062F1DF /* Debug */ = {
			isa = XCBuildConfiguration;
			buildSettings = {
				ALWAYS_SEARCH_USER_PATHS = NO;
				CLANG_ANALYZER_NONNULL = YES;
				CLANG_ANALYZER_NUMBER_OBJECT_CONVERSION = YES_AGGRESSIVE;
				CLANG_CXX_LANGUAGE_STANDARD = "gnu++14";
				CLANG_CXX_LIBRARY = "libc++";
				CLANG_ENABLE_MODULES = YES;
				CLANG_ENABLE_OBJC_ARC = YES;
				CLANG_ENABLE_OBJC_WEAK = YES;
				CLANG_WARN_BLOCK_CAPTURE_AUTORELEASING = YES;
				CLANG_WARN_BOOL_CONVERSION = YES;
				CLANG_WARN_COMMA = YES;
				CLANG_WARN_CONSTANT_CONVERSION = YES;
				CLANG_WARN_DEPRECATED_OBJC_IMPLEMENTATIONS = YES;
				CLANG_WARN_DIRECT_OBJC_ISA_USAGE = YES_ERROR;
				CLANG_WARN_DOCUMENTATION_COMMENTS = YES;
				CLANG_WARN_EMPTY_BODY = YES;
				CLANG_WARN_ENUM_CONVERSION = YES;
				CLANG_WARN_INFINITE_RECURSION = YES;
				CLANG_WARN_INT_CONVERSION = YES;
				CLANG_WARN_NON_LITERAL_NULL_CONVERSION = YES;
				CLANG_WARN_OBJC_IMPLICIT_RETAIN_SELF = YES;
				CLANG_WARN_OBJC_LITERAL_CONVERSION = YES;
				CLANG_WARN_OBJC_ROOT_CLASS = YES_ERROR;
				CLANG_WARN_RANGE_LOOP_ANALYSIS = YES;
				CLANG_WARN_STRICT_PROTOTYPES = YES;
				CLANG_WARN_SUSPICIOUS_MOVE = YES;
				CLANG_WARN_UNGUARDED_AVAILABILITY = YES_AGGRESSIVE;
				CLANG_WARN_UNREACHABLE_CODE = YES;
				CLANG_WARN__DUPLICATE_METHOD_MATCH = YES;
				CODE_SIGN_IDENTITY = "iPhone Developer";
				COPY_PHASE_STRIP = NO;
				DEBUG_INFORMATION_FORMAT = dwarf;
				ENABLE_STRICT_OBJC_MSGSEND = YES;
				ENABLE_TESTABILITY = YES;
				GCC_C_LANGUAGE_STANDARD = gnu11;
				GCC_DYNAMIC_NO_PIC = NO;
				GCC_NO_COMMON_BLOCKS = YES;
				GCC_OPTIMIZATION_LEVEL = 0;
				GCC_PREPROCESSOR_DEFINITIONS = (
					"DEBUG=1",
					"$(inherited)",
				);
				GCC_WARN_64_TO_32_BIT_CONVERSION = YES;
				GCC_WARN_ABOUT_RETURN_TYPE = YES_ERROR;
				GCC_WARN_UNDECLARED_SELECTOR = YES;
				GCC_WARN_UNINITIALIZED_AUTOS = YES_AGGRESSIVE;
				GCC_WARN_UNUSED_FUNCTION = YES;
				GCC_WARN_UNUSED_VARIABLE = YES;
				IPHONEOS_DEPLOYMENT_TARGET = 11.3;
				MTL_ENABLE_DEBUG_INFO = YES;
				ONLY_ACTIVE_ARCH = YES;
				SDKROOT = iphoneos;
				SWIFT_ACTIVE_COMPILATION_CONDITIONS = DEBUG;
				SWIFT_OPTIMIZATION_LEVEL = "-Onone";
			};
			name = Debug;
		};
		B53D413720D136900062F1DF /* Release */ = {
			isa = XCBuildConfiguration;
			buildSettings = {
				ALWAYS_SEARCH_USER_PATHS = NO;
				CLANG_ANALYZER_NONNULL = YES;
				CLANG_ANALYZER_NUMBER_OBJECT_CONVERSION = YES_AGGRESSIVE;
				CLANG_CXX_LANGUAGE_STANDARD = "gnu++14";
				CLANG_CXX_LIBRARY = "libc++";
				CLANG_ENABLE_MODULES = YES;
				CLANG_ENABLE_OBJC_ARC = YES;
				CLANG_ENABLE_OBJC_WEAK = YES;
				CLANG_WARN_BLOCK_CAPTURE_AUTORELEASING = YES;
				CLANG_WARN_BOOL_CONVERSION = YES;
				CLANG_WARN_COMMA = YES;
				CLANG_WARN_CONSTANT_CONVERSION = YES;
				CLANG_WARN_DEPRECATED_OBJC_IMPLEMENTATIONS = YES;
				CLANG_WARN_DIRECT_OBJC_ISA_USAGE = YES_ERROR;
				CLANG_WARN_DOCUMENTATION_COMMENTS = YES;
				CLANG_WARN_EMPTY_BODY = YES;
				CLANG_WARN_ENUM_CONVERSION = YES;
				CLANG_WARN_INFINITE_RECURSION = YES;
				CLANG_WARN_INT_CONVERSION = YES;
				CLANG_WARN_NON_LITERAL_NULL_CONVERSION = YES;
				CLANG_WARN_OBJC_IMPLICIT_RETAIN_SELF = YES;
				CLANG_WARN_OBJC_LITERAL_CONVERSION = YES;
				CLANG_WARN_OBJC_ROOT_CLASS = YES_ERROR;
				CLANG_WARN_RANGE_LOOP_ANALYSIS = YES;
				CLANG_WARN_STRICT_PROTOTYPES = YES;
				CLANG_WARN_SUSPICIOUS_MOVE = YES;
				CLANG_WARN_UNGUARDED_AVAILABILITY = YES_AGGRESSIVE;
				CLANG_WARN_UNREACHABLE_CODE = YES;
				CLANG_WARN__DUPLICATE_METHOD_MATCH = YES;
				CODE_SIGN_IDENTITY = "iPhone Developer";
				COPY_PHASE_STRIP = NO;
				DEBUG_INFORMATION_FORMAT = "dwarf-with-dsym";
				ENABLE_NS_ASSERTIONS = NO;
				ENABLE_STRICT_OBJC_MSGSEND = YES;
				GCC_C_LANGUAGE_STANDARD = gnu11;
				GCC_NO_COMMON_BLOCKS = YES;
				GCC_WARN_64_TO_32_BIT_CONVERSION = YES;
				GCC_WARN_ABOUT_RETURN_TYPE = YES_ERROR;
				GCC_WARN_UNDECLARED_SELECTOR = YES;
				GCC_WARN_UNINITIALIZED_AUTOS = YES_AGGRESSIVE;
				GCC_WARN_UNUSED_FUNCTION = YES;
				GCC_WARN_UNUSED_VARIABLE = YES;
				IPHONEOS_DEPLOYMENT_TARGET = 11.3;
				MTL_ENABLE_DEBUG_INFO = NO;
				SDKROOT = iphoneos;
				SWIFT_COMPILATION_MODE = wholemodule;
				SWIFT_OPTIMIZATION_LEVEL = "-O";
				VALIDATE_PRODUCT = YES;
			};
			name = Release;
		};
		B53D413920D136900062F1DF /* Debug */ = {
			isa = XCBuildConfiguration;
			buildSettings = {
				ASSETCATALOG_COMPILER_LAUNCHIMAGE_NAME = AppIcon;
				CODE_SIGN_IDENTITY = "";
				CODE_SIGN_STYLE = Automatic;
				DEVELOPMENT_TEAM = YB3X76G54W;
				ENABLE_INCREMENTAL_DISTILL = YES;
				INFOPLIST_FILE = Eateries/Info.plist;
				LD_RUNPATH_SEARCH_PATHS = (
					"$(inherited)",
					"@executable_path/Frameworks",
				);
				PRODUCT_BUNDLE_IDENTIFIER = Nervanin.Eateries;
				PRODUCT_NAME = "$(TARGET_NAME)";
				SWIFT_VERSION = 4.0;
				TARGETED_DEVICE_FAMILY = "1,2";
			};
			name = Debug;
		};
		B53D413A20D136900062F1DF /* Release */ = {
			isa = XCBuildConfiguration;
			buildSettings = {
				ASSETCATALOG_COMPILER_LAUNCHIMAGE_NAME = AppIcon;
				CODE_SIGN_IDENTITY = "";
				CODE_SIGN_STYLE = Automatic;
				DEVELOPMENT_TEAM = YB3X76G54W;
				ENABLE_INCREMENTAL_DISTILL = YES;
				INFOPLIST_FILE = Eateries/Info.plist;
				LD_RUNPATH_SEARCH_PATHS = (
					"$(inherited)",
					"@executable_path/Frameworks",
				);
				PRODUCT_BUNDLE_IDENTIFIER = Nervanin.Eateries;
				PRODUCT_NAME = "$(TARGET_NAME)";
				SWIFT_VERSION = 4.0;
				TARGETED_DEVICE_FAMILY = "1,2";
			};
			name = Release;
		};
/* End XCBuildConfiguration section */

/* Begin XCConfigurationList section */
		B53D412120D1368E0062F1DF /* Build configuration list for PBXProject "Eateries" */ = {
			isa = XCConfigurationList;
			buildConfigurations = (
				B53D413620D136900062F1DF /* Debug */,
				B53D413720D136900062F1DF /* Release */,
			);
			defaultConfigurationIsVisible = 0;
			defaultConfigurationName = Release;
		};
		B53D413820D136900062F1DF /* Build configuration list for PBXNativeTarget "Eateries" */ = {
			isa = XCConfigurationList;
			buildConfigurations = (
				B53D413920D136900062F1DF /* Debug */,
				B53D413A20D136900062F1DF /* Release */,
			);
			defaultConfigurationIsVisible = 0;
			defaultConfigurationName = Release;
		};
/* End XCConfigurationList section */

/* Begin XCVersionGroup section */
		B577711A20E2ADDD0094D582 /* Eateries.xcdatamodeld */ = {
			isa = XCVersionGroup;
			children = (
				B577711B20E2ADDD0094D582 /* Eateries.xcdatamodel */,
			);
			currentVersion = B577711B20E2ADDD0094D582 /* Eateries.xcdatamodel */;
			path = Eateries.xcdatamodeld;
			sourceTree = "<group>";
			versionGroupType = wrapper.xcdatamodel;
		};
/* End XCVersionGroup section */
	};
	rootObject = B53D411E20D1368E0062F1DF /* Project object */;
}
